<?xml version="1.0" encoding="utf-8"?>
<Project ToolsVersion="4.0" xmlns="http://schemas.microsoft.com/developer/msbuild/2003">
  <ItemGroup>
    <Filter Include="Source Files">
      <UniqueIdentifier>{4FC737F1-C7A5-4376-A066-2A32D752A2FF}</UniqueIdentifier>
      <Extensions>cpp;c;cc;cxx;def;odl;idl;hpj;bat;asm;asmx</Extensions>
    </Filter>
    <Filter Include="Header Files">
      <UniqueIdentifier>{93995380-89BD-4b04-88EB-625FBE52EBFB}</UniqueIdentifier>
      <Extensions>h;hh;hpp;hxx;hm;inl;inc;xsd</Extensions>
    </Filter>
    <Filter Include="Resource Files">
      <UniqueIdentifier>{67DA6AB6-F800-4c08-8B7A-83BB121AAD01}</UniqueIdentifier>
      <Extensions>rc;ico;cur;bmp;dlg;rc2;rct;bin;rgs;gif;jpg;jpeg;jpe;resx;tiff;tif;png;wav;mfcribbon-ms</Extensions>
    </Filter>
  </ItemGroup>
  <ItemGroup>
    <ClCompile Include="cCamera.cpp">
      <Filter>Source Files</Filter>
    </ClCompile>
    <ClCompile Include="cColours.cpp">
      <Filter>Source Files</Filter>
    </ClCompile>
    <ClCompile Include="cCube.cpp">
      <Filter>Source Files</Filter>
    </ClCompile>
    <ClCompile Include="cEnemy.cpp">
      <Filter>Source Files</Filter>
    </ClCompile>
    <ClCompile Include="cFont.cpp">
      <Filter>Source Files</Filter>
    </ClCompile>
    <ClCompile Include="cFontMgr.cpp">
      <Filter>Source Files</Filter>
    </ClCompile>
    <ClCompile Include="cInputMgr.cpp">
      <Filter>Source Files</Filter>
    </ClCompile>
    <ClCompile Include="cLaser.cpp">
      <Filter>Source Files</Filter>
    </ClCompile>
    <ClCompile Include="cLight.cpp">
      <Filter>Source Files</Filter>
    </ClCompile>
    <ClCompile Include="cMaterial.cpp">
      <Filter>Source Files</Filter>
    </ClCompile>
    <ClCompile Include="cModel.cpp">
      <Filter>Source Files</Filter>
    </ClCompile>
    <ClCompile Include="cModelLoader.cpp">
      <Filter>Source Files</Filter>
    </ClCompile>
    <ClCompile Include="cPyramid.cpp">
      <Filter>Source Files</Filter>
    </ClCompile>
    <ClCompile Include="cShapes.cpp">
      <Filter>Source Files</Filter>
    </ClCompile>
    <ClCompile Include="cSound.cpp">
      <Filter>Source Files</Filter>
    </ClCompile>
    <ClCompile Include="cSoundMgr.cpp">
      <Filter>Source Files</Filter>
    </ClCompile>
    <ClCompile Include="cSphere.cpp">
      <Filter>Source Files</Filter>
    </ClCompile>
    <ClCompile Include="cStarfield.cpp">
      <Filter>Source Files</Filter>
    </ClCompile>
    <ClCompile Include="cTexture.cpp">
      <Filter>Source Files</Filter>
    </ClCompile>
    <ClCompile Include="cTriangle.cpp">
      <Filter>Source Files</Filter>
    </ClCompile>
    <ClCompile Include="cWNDManager.cpp">
      <Filter>Source Files</Filter>
    </ClCompile>
    <ClCompile Include="GameConstants.cpp">
      <Filter>Source Files</Filter>
    </ClCompile>
    <ClCompile Include="Studentmain.cpp">
      <Filter>Source Files</Filter>
    </ClCompile>
    <ClCompile Include="tardisWarsGame.cpp">
      <Filter>Source Files</Filter>
    </ClCompile>
    <ClCompile Include="windowOGL.cpp">
      <Filter>Source Files</Filter>
    </ClCompile>
    <ClCompile Include="cPlayer.cpp">
      <Filter>Source Files</Filter>
    </ClCompile>
  </ItemGroup>
  <ItemGroup>
    <ClInclude Include="cCamera.h">
      <Filter>Header Files</Filter>
    </ClInclude>
    <ClInclude Include="cColours.h">
      <Filter>Header Files</Filter>
    </ClInclude>
    <ClInclude Include="cCube.h">
      <Filter>Header Files</Filter>
    </ClInclude>
    <ClInclude Include="cEnemy.h">
      <Filter>Header Files</Filter>
    </ClInclude>
    <ClInclude Include="cFont.h">
      <Filter>Header Files</Filter>
    </ClInclude>
    <ClInclude Include="cFontMgr.h">
      <Filter>Header Files</Filter>
    </ClInclude>
    <ClInclude Include="cInputMgr.h">
      <Filter>Header Files</Filter>
    </ClInclude>
    <ClInclude Include="cLaser.h">
      <Filter>Header Files</Filter>
    </ClInclude>
    <ClInclude Include="cLight.h">
      <Filter>Header Files</Filter>
    </ClInclude>
    <ClInclude Include="cMaterial.h">
      <Filter>Header Files</Filter>
    </ClInclude>
    <ClInclude Include="cModel.h">
      <Filter>Header Files</Filter>
    </ClInclude>
    <ClInclude Include="cModelLoader.h">
      <Filter>Header Files</Filter>
    </ClInclude>
    <ClInclude Include="cPlayer.h">
      <Filter>Header Files</Filter>
    </ClInclude>
    <ClInclude Include="cPyramid.h">
      <Filter>Header Files</Filter>
    </ClInclude>
    <ClInclude Include="cShapes.h">
      <Filter>Header Files</Filter>
    </ClInclude>
    <ClInclude Include="cSound.h">
      <Filter>Header Files</Filter>
    </ClInclude>
    <ClInclude Include="cSoundMgr.h">
      <Filter>Header Files</Filter>
    </ClInclude>
    <ClInclude Include="cSphere.h">
      <Filter>Header Files</Filter>
    </ClInclude>
    <ClInclude Include="cStarfield.h">
      <Filter>Header Files</Filter>
    </ClInclude>
    <ClInclude Include="cTexture.h">
      <Filter>Header Files</Filter>
    </ClInclude>
    <ClInclude Include="cTriangle.h">
      <Filter>Header Files</Filter>
    </ClInclude>
    <ClInclude Include="cWNDManager.h">
      <Filter>Header Files</Filter>
    </ClInclude>
    <ClInclude Include="GameConstants.h">
      <Filter>Header Files</Filter>
    </ClInclude>
    <ClInclude Include="tardisWarsGame.h">
      <Filter>Header Files</Filter>
    </ClInclude>
    <ClInclude Include="wglext.h">
      <Filter>Header Files</Filter>
    </ClInclude>
    <ClInclude Include="windowOGL.h">
      <Filter>Header Files</Filter>
    </ClInclude>
  </ItemGroup>
  <ItemGroup>
    <Library Include="glm-0.3.2Lib.lib" />
    <Library Include="ILU.lib" />
    <Library Include="ILUT.lib" />
    <Library Include="OpenAL32.lib" />
    <Library Include="ftgl.lib" />
    <Library Include="freeglut.lib" />
    <Library Include="DevIL.lib" />
    <Library Include="alut.lib" />
  </ItemGroup>
</Project>